{
  "name": ".kilo",
  "lockfileVersion": 3,
  "requires": true,
  "packages": {
    "": {
      "dependencies": {
        "@kilocode/plugin": "7.1.0"
      }
    },
    "node_modules/@kilocode/plugin": {
      "version": "7.1.0",
      "resolved": "https://registry.npmjs.org/@kilocode/plugin/-/plugin-7.1.0.tgz",
      "integrity": "sha512-G/4F5ZK5S3TOt1VGvCxEEgVzWUCCZPTK1tbyMzmqB49A+GDxKduTiNeuF8fKEXnZOjOVP5jNX9Sh9Gc4KsD5IA==",
      "license": "MIT",
      "dependencies": {
        "@kilocode/sdk": "7.1.0",
        "zod": "4.1.8"
      }
    },
    "node_modules/@kilocode/sdk": {
      "version": "7.1.0",
      "resolved": "https://registry.npmjs.org/@kilocode/sdk/-/sdk-7.1.0.tgz",
      "integrity": "sha512-xdn9NZ0W8KTnQ5gWnyKEPut5wAKbF9Qp5USJ/Hyevss33tqyN7f5tdjeXq0WCr8wIHPr8/TZn6DUH1Pq49eImw==",
      "license": "MIT"
    },
    "node_modules/zod": {
      "version": "4.1.8",
      "license": "MIT",
      "funding": {
        "url": "https://github.com/sponsors/colinhacks"
      }
    }
  }
}
